<?xml version="1.0" encoding="UTF-8" standalone="yes" ?>
<CodeBlocks_project_file>
	<FileVersion major="1" minor="6" />
	<Project>
		<Option title="Galgame_Engine" />
		<Option makefile="MAKEFILE" />
		<Option pch_mode="2" />
		<Option compiler="gcc" />
		<Build>
			<Target title="Winter_Debug">
				<Option output="bin/Debug/Galgame_Engine" prefix_auto="1" extension_auto="1" />
				<Option working_dir="Winter" />
				<Option object_output="bin/Debug/obj/" />
				<Option type="1" />
				<Option compiler="gcc" />
				<Option use_console_runner="0" />
				<Compiler>
					<Add option="-pg" />
					<Add option="-g" />
					<Add option="-D_DEBUG" />
					<Add directory="Core" />
					<Add directory="src" />
					<Add directory="include/ACGCross/Title" />
					<Add directory="include/ACGCross" />
					<Add directory="include/Core" />
					<Add directory="include/ACGCross/GalgameActivity" />
					<Add directory="include" />
					<Add directory="include/ACGCross/Demo" />
				</Compiler>
				<Linker>
					<Add option="-pg -lgmon" />
				</Linker>
			</Target>
			<Target title="Winter_Release">
				<Option output="bin/Release/Galgame_Engine" prefix_auto="1" extension_auto="1" />
				<Option working_dir="Winter" />
				<Option object_output="bin/Release/obj/" />
				<Option type="0" />
				<Option compiler="gcc" />
				<Compiler>
					<Add option="-fexpensive-optimizations" />
					<Add option="-O2" />
					<Add directory="Core" />
					<Add directory="src" />
					<Add directory="include/ACGCross/Title" />
					<Add directory="include/ACGCross" />
					<Add directory="include/Core" />
					<Add directory="include/ACGCross/GalgameActivity" />
					<Add directory="include" />
					<Add directory="include/ACGCross/Demo" />
				</Compiler>
			</Target>
			<Target title="TCPDemo">
				<Option output="bin/TCPDemo/Galgame_Engine" prefix_auto="1" extension_auto="1" />
				<Option object_output="bin/TCPDemo/obj/" />
				<Option type="1" />
				<Option compiler="gcc" />
				<Compiler>
					<Add option="-pg" />
					<Add option="-g" />
				</Compiler>
				<Linker>
					<Add option="-pg -lgmon" />
				</Linker>
			</Target>
			<Target title="SnowEngine">
				<Option output="bin/SnowEngine/Galgame_Engine" prefix_auto="1" extension_auto="1" />
				<Option working_dir="" />
				<Option object_output="bin/SnowEngine/obj/" />
				<Option type="2" />
				<Option compiler="gcc" />
				<Option createDefFile="1" />
				<Compiler>
					<Add option="-fexpensive-optimizations" />
					<Add option="-O2" />
				</Compiler>
			</Target>
		</Build>
		<Compiler>
			<Add option="-Wall" />
			<Add directory="$(#sdl2.include)/SDL2" />
			<Add directory="include" />
		</Compiler>
		<Linker>
			<Add library="mingw32" />
			<Add library="SDL2main" />
			<Add library="SDL2_image" />
			<Add library="SDL2.dll" />
			<Add library="user32" />
			<Add library="gdi32" />
			<Add library="winmm" />
			<Add library="dxguid" />
			<Add library="SDL2_mixer" />
			<Add library="SDL2_ttf" />
			<Add library="SDL2_net" />
			<Add library="SDL2_test" />
			<Add library="SDL2" />
			<Add directory="$(#sdl2.lib)" />
		</Linker>
		<ExtraCommands>
			<Add after="XCOPY $(#sdl2)\bin\*.dll $(TARGET_OUTPUT_DIR) /D /Y" />
		</ExtraCommands>
		<Unit filename="icon.rc">
			<Option compilerVar="WINDRES" />
			<Option target="Winter_Debug" />
			<Option target="Winter_Release" />
			<Option target="TCPDemo" />
		</Unit>
		<Unit filename="include/ACGCross/ACGCross_Logo.h">
			<Option target="Winter_Debug" />
			<Option target="Winter_Release" />
		</Unit>
		<Unit filename="include/ACGCross/Button.h">
			<Option target="Winter_Debug" />
			<Option target="Winter_Release" />
		</Unit>
		<Unit filename="include/ACGCross/CGViewer.h">
			<Option target="Winter_Debug" />
			<Option target="Winter_Release" />
		</Unit>
		<Unit filename="include/ACGCross/DanmakuGame/DanmakuGame.h">
			<Option target="Winter_Debug" />
			<Option target="Winter_Release" />
		</Unit>
		<Unit filename="include/ACGCross/Ending.h">
			<Option target="Winter_Debug" />
			<Option target="Winter_Release" />
		</Unit>
		<Unit filename="include/ACGCross/FadeLable.h">
			<Option target="Winter_Debug" />
			<Option target="Winter_Release" />
		</Unit>
		<Unit filename="include/ACGCross/GalgameActivity/Bg.h">
			<Option target="Winter_Debug" />
			<Option target="Winter_Release" />
		</Unit>
		<Unit filename="include/ACGCross/GalgameActivity/Chr.h">
			<Option target="Winter_Debug" />
			<Option target="Winter_Release" />
		</Unit>
		<Unit filename="include/ACGCross/GalgameActivity/ChrMgr.h">
			<Option target="Winter_Debug" />
			<Option target="Winter_Release" />
		</Unit>
		<Unit filename="include/ACGCross/GalgameActivity/Clock.h">
			<Option target="Winter_Debug" />
			<Option target="Winter_Release" />
		</Unit>
		<Unit filename="include/ACGCross/GalgameActivity/Corner.h">
			<Option target="Winter_Debug" />
			<Option target="Winter_Release" />
		</Unit>
		<Unit filename="include/ACGCross/GalgameActivity/GalgameActivity.h">
			<Option target="Winter_Debug" />
			<Option target="Winter_Release" />
		</Unit>
		<Unit filename="include/ACGCross/GalgameActivity/GameMenu.h">
			<Option target="Winter_Debug" />
			<Option target="Winter_Release" />
		</Unit>
		<Unit filename="include/ACGCross/GalgameActivity/MaskCmdTarget.h">
			<Option target="Winter_Debug" />
			<Option target="Winter_Release" />
		</Unit>
		<Unit filename="include/ACGCross/GalgameActivity/NameCard.h">
			<Option target="Winter_Debug" />
			<Option target="Winter_Release" />
		</Unit>
		<Unit filename="include/ACGCross/GalgameActivity/SMEProcUnit.h">
			<Option target="Winter_Debug" />
			<Option target="Winter_Release" />
		</Unit>
		<Unit filename="include/ACGCross/GalgameActivity/Snow.h">
			<Option target="Winter_Debug" />
			<Option target="Winter_Release" />
		</Unit>
		<Unit filename="include/ACGCross/GalgameActivity/TextBox.h">
			<Option target="Winter_Debug" />
			<Option target="Winter_Release" />
		</Unit>
		<Unit filename="include/ACGCross/GalgameActivity/TextWindow.h">
			<Option target="Winter_Debug" />
			<Option target="Winter_Release" />
		</Unit>
		<Unit filename="include/ACGCross/Game.h">
			<Option target="Winter_Debug" />
			<Option target="Winter_Release" />
		</Unit>
		<Unit filename="include/ACGCross/GameDataMgr.h">
			<Option target="Winter_Debug" />
			<Option target="Winter_Release" />
		</Unit>
		<Unit filename="include/ACGCross/KeyMapActivity.h">
			<Option target="Winter_Debug" />
			<Option target="Winter_Release" />
		</Unit>
		<Unit filename="include/ACGCross/Mask.h">
			<Option target="Winter_Debug" />
			<Option target="Winter_Release" />
		</Unit>
		<Unit filename="include/ACGCross/MathFunc.h">
			<Option target="Winter_Debug" />
			<Option target="Winter_Release" />
		</Unit>
		<Unit filename="include/ACGCross/NumTexture.h">
			<Option target="Winter_Debug" />
			<Option target="Winter_Release" />
		</Unit>
		<Unit filename="include/ACGCross/SaveUI.h">
			<Option target="Winter_Debug" />
			<Option target="Winter_Release" />
		</Unit>
		<Unit filename="include/ACGCross/SettingUI.h">
			<Option target="Winter_Debug" />
			<Option target="Winter_Release" />
		</Unit>
		<Unit filename="include/ACGCross/Slider.h">
			<Option target="Winter_Debug" />
			<Option target="Winter_Release" />
		</Unit>
		<Unit filename="include/ACGCross/Title/GameLogo.h">
			<Option target="Winter_Debug" />
			<Option target="Winter_Release" />
		</Unit>
		<Unit filename="include/ACGCross/Title/MovingBG.h">
			<Option target="Winter_Debug" />
			<Option target="Winter_Release" />
		</Unit>
		<Unit filename="include/ACGCross/Title/Title.h">
			<Option target="Winter_Debug" />
			<Option target="Winter_Release" />
		</Unit>
		<Unit filename="include/ACGCross/Title/TitleButton.h">
			<Option target="Winter_Debug" />
			<Option target="Winter_Release" />
		</Unit>
		<Unit filename="include/ACGCross/str2wstr.h">
			<Option target="Winter_Debug" />
			<Option target="Winter_Release" />
		</Unit>
		<Unit filename="include/Core.h" />
		<Unit filename="include/Core/Activity.h" />
		<Unit filename="include/Core/Bundle.h" />
		<Unit filename="include/Core/Control.h" />
		<Unit filename="include/Core/Debug.h" />
		<Unit filename="include/Core/Error.h" />
		<Unit filename="include/Core/Font.h" />
		<Unit filename="include/Core/Globals.h" />
		<Unit filename="include/Core/Misc.h" />
		<Unit filename="include/Core/OS.h" />
		<Unit filename="include/Core/ResFile.h" />
		<Unit filename="include/Core/ResVal.h" />
		<Unit filename="include/Core/SDLbase.h" />
		<Unit filename="include/Core/Sound.h" />
		<Unit filename="include/Core/Surface.h" />
		<Unit filename="include/Core/TCPNet.h" />
		<Unit filename="include/Core/Texture.h" />
		<Unit filename="include/Core/Thread.h" />
		<Unit filename="include/Core/Timer.h" />
		<Unit filename="include/Core/UDPNet.h" />
		<Unit filename="include/SMLanguage/SMI.h">
			<Option target="Winter_Debug" />
			<Option target="Winter_Release" />
		</Unit>
		<Unit filename="src/ACGCross/ACGCross_Logo.cpp">
			<Option target="Winter_Release" />
		</Unit>
		<Unit filename="src/ACGCross/Button.cpp">
			<Option target="Winter_Debug" />
			<Option target="Winter_Release" />
		</Unit>
		<Unit filename="src/ACGCross/CGViewer.cpp">
			<Option target="Winter_Debug" />
			<Option target="Winter_Release" />
		</Unit>
		<Unit filename="src/ACGCross/DanmakuGame/DanmakuGame.cpp">
			<Option target="Winter_Debug" />
			<Option target="Winter_Release" />
		</Unit>
		<Unit filename="src/ACGCross/Ending.cpp">
			<Option target="Winter_Debug" />
			<Option target="Winter_Release" />
		</Unit>
		<Unit filename="src/ACGCross/FadeLable.cpp">
			<Option target="Winter_Debug" />
			<Option target="Winter_Release" />
		</Unit>
		<Unit filename="src/ACGCross/GalgameActivity/Bg.cpp">
			<Option target="Winter_Debug" />
			<Option target="Winter_Release" />
		</Unit>
		<Unit filename="src/ACGCross/GalgameActivity/Chr.cpp">
			<Option target="Winter_Debug" />
			<Option target="Winter_Release" />
		</Unit>
		<Unit filename="src/ACGCross/GalgameActivity/ChrMgr.cpp">
			<Option target="Winter_Debug" />
			<Option target="Winter_Release" />
		</Unit>
		<Unit filename="src/ACGCross/GalgameActivity/Clock.cpp">
			<Option target="Winter_Debug" />
			<Option target="Winter_Release" />
		</Unit>
		<Unit filename="src/ACGCross/GalgameActivity/Corner.cpp">
			<Option target="Winter_Debug" />
			<Option target="Winter_Release" />
		</Unit>
		<Unit filename="src/ACGCross/GalgameActivity/GalgameActivity.cpp">
			<Option target="Winter_Debug" />
			<Option target="Winter_Release" />
		</Unit>
		<Unit filename="src/ACGCross/GalgameActivity/GameMenu.cpp">
			<Option target="Winter_Debug" />
			<Option target="Winter_Release" />
		</Unit>
		<Unit filename="src/ACGCross/GalgameActivity/MaskCmdTarget.cpp">
			<Option target="Winter_Debug" />
			<Option target="Winter_Release" />
		</Unit>
		<Unit filename="src/ACGCross/GalgameActivity/NameCard.cpp">
			<Option target="Winter_Debug" />
			<Option target="Winter_Release" />
		</Unit>
		<Unit filename="src/ACGCross/GalgameActivity/Snow.cpp">
			<Option target="Winter_Debug" />
			<Option target="Winter_Release" />
		</Unit>
		<Unit filename="src/ACGCross/GalgameActivity/TextBox.cpp">
			<Option target="Winter_Debug" />
			<Option target="Winter_Release" />
		</Unit>
		<Unit filename="src/ACGCross/GalgameActivity/TextWindow.cpp">
			<Option target="Winter_Debug" />
			<Option target="Winter_Release" />
		</Unit>
		<Unit filename="src/ACGCross/Game.cpp">
			<Option target="Winter_Debug" />
			<Option target="Winter_Release" />
		</Unit>
		<Unit filename="src/ACGCross/GameDataMgr.cpp">
			<Option target="Winter_Debug" />
			<Option target="Winter_Release" />
		</Unit>
		<Unit filename="src/ACGCross/KeyMapActivity.cpp">
			<Option target="Winter_Debug" />
			<Option target="Winter_Release" />
		</Unit>
		<Unit filename="src/ACGCross/Mask.cpp">
			<Option target="Winter_Debug" />
			<Option target="Winter_Release" />
		</Unit>
		<Unit filename="src/ACGCross/MathFunc.cpp">
			<Option target="Winter_Debug" />
			<Option target="Winter_Release" />
		</Unit>
		<Unit filename="src/ACGCross/NumTexture.cpp">
			<Option target="Winter_Debug" />
			<Option target="Winter_Release" />
		</Unit>
		<Unit filename="src/ACGCross/SaveUI.cpp">
			<Option target="Winter_Debug" />
			<Option target="Winter_Release" />
		</Unit>
		<Unit filename="src/ACGCross/SettingUI.cpp">
			<Option target="Winter_Debug" />
			<Option target="Winter_Release" />
		</Unit>
		<Unit filename="src/ACGCross/Slider.cpp">
			<Option target="Winter_Debug" />
			<Option target="Winter_Release" />
		</Unit>
		<Unit filename="src/ACGCross/Title/GameLogo.cpp">
			<Option target="Winter_Debug" />
			<Option target="Winter_Release" />
		</Unit>
		<Unit filename="src/ACGCross/Title/MovingBG.cpp">
			<Option target="Winter_Debug" />
			<Option target="Winter_Release" />
		</Unit>
		<Unit filename="src/ACGCross/Title/Title.cpp">
			<Option target="Winter_Debug" />
			<Option target="Winter_Release" />
		</Unit>
		<Unit filename="src/ACGCross/Title/TitleButton.cpp">
			<Option target="Winter_Debug" />
			<Option target="Winter_Release" />
		</Unit>
		<Unit filename="src/ACGCross/str2wstr.cpp">
			<Option target="Winter_Debug" />
			<Option target="Winter_Release" />
		</Unit>
		<Unit filename="src/Core/CoreMain.cpp" />
		<Unit filename="src/Core/Error.cpp" />
		<Unit filename="src/Core/Font.cpp" />
		<Unit filename="src/Core/Misc.cpp" />
		<Unit filename="src/Core/ResFile.cpp" />
		<Unit filename="src/Core/ResVal.cpp" />
		<Unit filename="src/Core/Sound.cpp" />
		<Unit filename="src/Core/Surface.cpp" />
		<Unit filename="src/Core/TCPNet.cpp" />
		<Unit filename="src/Core/Texture.cpp" />
		<Unit filename="src/Core/Thread.cpp" />
		<Unit filename="src/Core/UDPNet.cpp" />
		<Unit filename="src/Core/Window.cpp" />
		<Unit filename="src/SMLanguage/SMI.cpp">
			<Option target="Winter_Debug" />
			<Option target="Winter_Release" />
		</Unit>
		<Unit filename="src/TCPDemo.cpp">
			<Option target="TCPDemo" />
		</Unit>
		<Unit filename="src/main.cpp">
			<Option target="Winter_Debug" />
			<Option target="Winter_Release" />
		</Unit>
		<Extensions>
			<code_completion />
			<envvars />
			<debugger />
		</Extensions>
	</Project>
</CodeBlocks_project_file>
